
Microsoft Visual Studio Solution File, Format Version 11.00
# Visual Studio 2010
Project("{FAE04EC0-301F-11D3-BF4B-00C04F79EFBC}") = "FalseInterpreter", "FalseInterpreter\FalseInterpreter.csproj", "{2B2D0BD5-F86D-4ECD-8CF5-9E8434D4D8CE}"
EndProject
Project("{FAE04EC0-301F-11D3-BF4B-00C04F79EFBC}") = "Interpreter.Abstractions", "Interpreter.Abstractions\Interpreter.Abstractions.csproj", "{DCE8B622-081E-4617-980C-07C89988393E}"
EndProject
Project("{FAE04EC0-301F-11D3-BF4B-00C04F79EFBC}") = "BrainFuckInterpreter", "BrainFuckInterpreter\BrainFuckInterpreter.csproj", "{622BBCDD-923D-48D2-BE1E-EFCF10299CF2}"
EndProject
Project("{FAE04EC0-301F-11D3-BF4B-00C04F79EFBC}") = "Befunge-93", "Befunge-93\Befunge-93.csproj", "{E6D342C5-5ADA-4CD8-ABFD-10D12AFF37C5}"
EndProject
Project("{FAE04EC0-301F-11D3-BF4B-00C04F79EFBC}") = "WARP", "WARP\WARP.csproj", "{8DD18DE6-91AF-431A-AF9D-9DEB6836A727}"
EndProject
Project("{2150E333-8FDC-42A3-9474-1A3956D46DE8}") = "Solution Items", "Solution Items", "{6A8D1DAE-FEAA-48E2-99F2-D4CC6231B263}"
	ProjectSection(SolutionItems) = preProject
		esolang-entry.txt = esolang-entry.txt
		EsotericInterpreters.vsmdi = EsotericInterpreters.vsmdi
		Local.testsettings = Local.testsettings
		README.txt = README.txt
		TraceAndTestImpact.testsettings = TraceAndTestImpact.testsettings
	EndProjectSection
EndProject
Project("{FAE04EC0-301F-11D3-BF4B-00C04F79EFBC}") = "WARP.Tests", "WARP.Tests\WARP.Tests.csproj", "{AC5CF33F-5FDF-42A7-A13F-4AD3F1377469}"
EndProject
Global
	GlobalSection(TeamFoundationVersionControl) = preSolution
		SccNumberOfProjects = 7
		SccEnterpriseProvider = {4CA58AB2-18FA-4F8D-95D4-32DDF27D184C}
		SccTeamFoundationServer = https://tfs.codeplex.com/tfs/tfs35
		SccLocalPath0 = .
		SccProjectUniqueName1 = FalseInterpreter\\FalseInterpreter.csproj
		SccProjectName1 = FalseInterpreter
		SccLocalPath1 = FalseInterpreter
		SccProjectUniqueName2 = Interpreter.Abstractions\\Interpreter.Abstractions.csproj
		SccProjectName2 = Interpreter.Abstractions
		SccLocalPath2 = Interpreter.Abstractions
		SccProjectUniqueName3 = BrainFuckInterpreter\\BrainFuckInterpreter.csproj
		SccProjectName3 = BrainFuckInterpreter
		SccLocalPath3 = BrainFuckInterpreter
		SccProjectUniqueName4 = Befunge-93\\Befunge-93.csproj
		SccProjectName4 = Befunge-93
		SccLocalPath4 = Befunge-93
		SccProjectUniqueName5 = WARP\\WARP.csproj
		SccProjectName5 = WARP
		SccLocalPath5 = WARP
		SccProjectUniqueName6 = WARP.Tests\\WARP.Tests.csproj
		SccProjectName6 = WARP.Tests
		SccLocalPath6 = WARP.Tests
	EndGlobalSection
	GlobalSection(TestCaseManagementSettings) = postSolution
		CategoryFile = EsotericInterpreters.vsmdi
	EndGlobalSection
	GlobalSection(SolutionConfigurationPlatforms) = preSolution
		Debug|Any CPU = Debug|Any CPU
		Debug|Mixed Platforms = Debug|Mixed Platforms
		Debug|x86 = Debug|x86
		Release|Any CPU = Release|Any CPU
		Release|Mixed Platforms = Release|Mixed Platforms
		Release|x86 = Release|x86
	EndGlobalSection
	GlobalSection(ProjectConfigurationPlatforms) = postSolution
		{2B2D0BD5-F86D-4ECD-8CF5-9E8434D4D8CE}.Debug|Any CPU.ActiveCfg = Debug|x86
		{2B2D0BD5-F86D-4ECD-8CF5-9E8434D4D8CE}.Debug|Mixed Platforms.ActiveCfg = Debug|x86
		{2B2D0BD5-F86D-4ECD-8CF5-9E8434D4D8CE}.Debug|Mixed Platforms.Build.0 = Debug|x86
		{2B2D0BD5-F86D-4ECD-8CF5-9E8434D4D8CE}.Debug|x86.ActiveCfg = Debug|x86
		{2B2D0BD5-F86D-4ECD-8CF5-9E8434D4D8CE}.Debug|x86.Build.0 = Debug|x86
		{2B2D0BD5-F86D-4ECD-8CF5-9E8434D4D8CE}.Release|Any CPU.ActiveCfg = Release|x86
		{2B2D0BD5-F86D-4ECD-8CF5-9E8434D4D8CE}.Release|Mixed Platforms.ActiveCfg = Release|x86
		{2B2D0BD5-F86D-4ECD-8CF5-9E8434D4D8CE}.Release|Mixed Platforms.Build.0 = Release|x86
		{2B2D0BD5-F86D-4ECD-8CF5-9E8434D4D8CE}.Release|x86.ActiveCfg = Release|x86
		{2B2D0BD5-F86D-4ECD-8CF5-9E8434D4D8CE}.Release|x86.Build.0 = Release|x86
		{DCE8B622-081E-4617-980C-07C89988393E}.Debug|Any CPU.ActiveCfg = Debug|Any CPU
		{DCE8B622-081E-4617-980C-07C89988393E}.Debug|Any CPU.Build.0 = Debug|Any CPU
		{DCE8B622-081E-4617-980C-07C89988393E}.Debug|Mixed Platforms.ActiveCfg = Debug|Any CPU
		{DCE8B622-081E-4617-980C-07C89988393E}.Debug|Mixed Platforms.Build.0 = Debug|Any CPU
		{DCE8B622-081E-4617-980C-07C89988393E}.Debug|x86.ActiveCfg = Debug|Any CPU
		{DCE8B622-081E-4617-980C-07C89988393E}.Release|Any CPU.ActiveCfg = Release|Any CPU
		{DCE8B622-081E-4617-980C-07C89988393E}.Release|Any CPU.Build.0 = Release|Any CPU
		{DCE8B622-081E-4617-980C-07C89988393E}.Release|Mixed Platforms.ActiveCfg = Release|Any CPU
		{DCE8B622-081E-4617-980C-07C89988393E}.Release|Mixed Platforms.Build.0 = Release|Any CPU
		{DCE8B622-081E-4617-980C-07C89988393E}.Release|x86.ActiveCfg = Release|Any CPU
		{622BBCDD-923D-48D2-BE1E-EFCF10299CF2}.Debug|Any CPU.ActiveCfg = Debug|x86
		{622BBCDD-923D-48D2-BE1E-EFCF10299CF2}.Debug|Mixed Platforms.ActiveCfg = Debug|x86
		{622BBCDD-923D-48D2-BE1E-EFCF10299CF2}.Debug|Mixed Platforms.Build.0 = Debug|x86
		{622BBCDD-923D-48D2-BE1E-EFCF10299CF2}.Debug|x86.ActiveCfg = Debug|x86
		{622BBCDD-923D-48D2-BE1E-EFCF10299CF2}.Debug|x86.Build.0 = Debug|x86
		{622BBCDD-923D-48D2-BE1E-EFCF10299CF2}.Release|Any CPU.ActiveCfg = Release|x86
		{622BBCDD-923D-48D2-BE1E-EFCF10299CF2}.Release|Mixed Platforms.ActiveCfg = Release|x86
		{622BBCDD-923D-48D2-BE1E-EFCF10299CF2}.Release|Mixed Platforms.Build.0 = Release|x86
		{622BBCDD-923D-48D2-BE1E-EFCF10299CF2}.Release|x86.ActiveCfg = Release|x86
		{622BBCDD-923D-48D2-BE1E-EFCF10299CF2}.Release|x86.Build.0 = Release|x86
		{E6D342C5-5ADA-4CD8-ABFD-10D12AFF37C5}.Debug|Any CPU.ActiveCfg = Debug|x86
		{E6D342C5-5ADA-4CD8-ABFD-10D12AFF37C5}.Debug|Mixed Platforms.ActiveCfg = Debug|x86
		{E6D342C5-5ADA-4CD8-ABFD-10D12AFF37C5}.Debug|Mixed Platforms.Build.0 = Debug|x86
		{E6D342C5-5ADA-4CD8-ABFD-10D12AFF37C5}.Debug|x86.ActiveCfg = Debug|x86
		{E6D342C5-5ADA-4CD8-ABFD-10D12AFF37C5}.Debug|x86.Build.0 = Debug|x86
		{E6D342C5-5ADA-4CD8-ABFD-10D12AFF37C5}.Release|Any CPU.ActiveCfg = Release|x86
		{E6D342C5-5ADA-4CD8-ABFD-10D12AFF37C5}.Release|Mixed Platforms.ActiveCfg = Release|x86
		{E6D342C5-5ADA-4CD8-ABFD-10D12AFF37C5}.Release|Mixed Platforms.Build.0 = Release|x86
		{E6D342C5-5ADA-4CD8-ABFD-10D12AFF37C5}.Release|x86.ActiveCfg = Release|x86
		{E6D342C5-5ADA-4CD8-ABFD-10D12AFF37C5}.Release|x86.Build.0 = Release|x86
		{8DD18DE6-91AF-431A-AF9D-9DEB6836A727}.Debug|Any CPU.ActiveCfg = Debug|x86
		{8DD18DE6-91AF-431A-AF9D-9DEB6836A727}.Debug|Mixed Platforms.ActiveCfg = Debug|x86
		{8DD18DE6-91AF-431A-AF9D-9DEB6836A727}.Debug|Mixed Platforms.Build.0 = Debug|x86
		{8DD18DE6-91AF-431A-AF9D-9DEB6836A727}.Debug|x86.ActiveCfg = Debug|x86
		{8DD18DE6-91AF-431A-AF9D-9DEB6836A727}.Debug|x86.Build.0 = Debug|x86
		{8DD18DE6-91AF-431A-AF9D-9DEB6836A727}.Release|Any CPU.ActiveCfg = Release|x86
		{8DD18DE6-91AF-431A-AF9D-9DEB6836A727}.Release|Mixed Platforms.ActiveCfg = Release|x86
		{8DD18DE6-91AF-431A-AF9D-9DEB6836A727}.Release|Mixed Platforms.Build.0 = Release|x86
		{8DD18DE6-91AF-431A-AF9D-9DEB6836A727}.Release|x86.ActiveCfg = Release|x86
		{8DD18DE6-91AF-431A-AF9D-9DEB6836A727}.Release|x86.Build.0 = Release|x86
		{AC5CF33F-5FDF-42A7-A13F-4AD3F1377469}.Debug|Any CPU.ActiveCfg = Debug|Any CPU
		{AC5CF33F-5FDF-42A7-A13F-4AD3F1377469}.Debug|Any CPU.Build.0 = Debug|Any CPU
		{AC5CF33F-5FDF-42A7-A13F-4AD3F1377469}.Debug|Mixed Platforms.ActiveCfg = Debug|Any CPU
		{AC5CF33F-5FDF-42A7-A13F-4AD3F1377469}.Debug|Mixed Platforms.Build.0 = Debug|Any CPU
		{AC5CF33F-5FDF-42A7-A13F-4AD3F1377469}.Debug|x86.ActiveCfg = Debug|Any CPU
		{AC5CF33F-5FDF-42A7-A13F-4AD3F1377469}.Release|Any CPU.ActiveCfg = Release|Any CPU
		{AC5CF33F-5FDF-42A7-A13F-4AD3F1377469}.Release|Any CPU.Build.0 = Release|Any CPU
		{AC5CF33F-5FDF-42A7-A13F-4AD3F1377469}.Release|Mixed Platforms.ActiveCfg = Release|Any CPU
		{AC5CF33F-5FDF-42A7-A13F-4AD3F1377469}.Release|Mixed Platforms.Build.0 = Release|Any CPU
		{AC5CF33F-5FDF-42A7-A13F-4AD3F1377469}.Release|x86.ActiveCfg = Release|Any CPU
	EndGlobalSection
	GlobalSection(SolutionProperties) = preSolution
		HideSolutionNode = FALSE
	EndGlobalSection
EndGlobal
